
Microsoft Visual Studio Solution File, Format Version 12.00
# Visual Studio 15
VisualStudioVersion = 15.0.28307.779
MinimumVisualStudioVersion = 10.0.40219.1
Project("{FAE04EC0-301F-11D3-BF4B-00C04F79EFBC}") = "SingleResponsibilityPrinciple", "SingleResponsibilityPrinciple\SingleResponsibilityPrinciple.csproj", "{8CAB2F0A-76C9-4FAD-9828-6604784D11F3}"
EndProject
Project("{FAE04EC0-301F-11D3-BF4B-00C04F79EFBC}") = "OpenClosedPrinciple", "OpenClosedPrinciple\OpenClosedPrinciple.csproj", "{4225D825-E2DB-49ED-A830-00582469B254}"
EndProject
Project("{FAE04EC0-301F-11D3-BF4B-00C04F79EFBC}") = "LiskovSubstitutionPrinciple", "LiskovSubstitutionPrinciple\LiskovSubstitutionPrinciple.csproj", "{78D676F7-5A29-4633-BA4F-AF6072A7914A}"
EndProject
Project("{FAE04EC0-301F-11D3-BF4B-00C04F79EFBC}") = "InterfaceSegregationPrinciple", "InterfaceSegregationPrinciple\InterfaceSegregationPrinciple.csproj", "{69E5DACD-5169-4C34-BAB8-7AD585F2F25A}"
EndProject
Project("{FAE04EC0-301F-11D3-BF4B-00C04F79EFBC}") = "DependencyInversionPrinciple", "DependencyInversionPrinciple\DependencyInversionPrinciple.csproj", "{3EBAB3B8-D092-4161-BD4E-8AA355F1FA3A}"
EndProject
Project("{FAE04EC0-301F-11D3-BF4B-00C04F79EFBC}") = "SolidUnitTestProject", "SolidUnitTestProject\SolidUnitTestProject.csproj", "{F8718521-FFC6-4A4E-8403-CD6AAC12CF94}"
EndProject
Global
	GlobalSection(SolutionConfigurationPlatforms) = preSolution
		Debug|Any CPU = Debug|Any CPU
		Release|Any CPU = Release|Any CPU
	EndGlobalSection
	GlobalSection(ProjectConfigurationPlatforms) = postSolution
		{8CAB2F0A-76C9-4FAD-9828-6604784D11F3}.Debug|Any CPU.ActiveCfg = Debug|Any CPU
		{8CAB2F0A-76C9-4FAD-9828-6604784D11F3}.Debug|Any CPU.Build.0 = Debug|Any CPU
		{8CAB2F0A-76C9-4FAD-9828-6604784D11F3}.Release|Any CPU.ActiveCfg = Release|Any CPU
		{8CAB2F0A-76C9-4FAD-9828-6604784D11F3}.Release|Any CPU.Build.0 = Release|Any CPU
		{4225D825-E2DB-49ED-A830-00582469B254}.Debug|Any CPU.ActiveCfg = Debug|Any CPU
		{4225D825-E2DB-49ED-A830-00582469B254}.Debug|Any CPU.Build.0 = Debug|Any CPU
		{4225D825-E2DB-49ED-A830-00582469B254}.Release|Any CPU.ActiveCfg = Release|Any CPU
		{4225D825-E2DB-49ED-A830-00582469B254}.Release|Any CPU.Build.0 = Release|Any CPU
		{78D676F7-5A29-4633-BA4F-AF6072A7914A}.Debug|Any CPU.ActiveCfg = Debug|Any CPU
		{78D676F7-5A29-4633-BA4F-AF6072A7914A}.Debug|Any CPU.Build.0 = Debug|Any CPU
		{78D676F7-5A29-4633-BA4F-AF6072A7914A}.Release|Any CPU.ActiveCfg = Release|Any CPU
		{78D676F7-5A29-4633-BA4F-AF6072A7914A}.Release|Any CPU.Build.0 = Release|Any CPU
		{69E5DACD-5169-4C34-BAB8-7AD585F2F25A}.Debug|Any CPU.ActiveCfg = Debug|Any CPU
		{69E5DACD-5169-4C34-BAB8-7AD585F2F25A}.Debug|Any CPU.Build.0 = Debug|Any CPU
		{69E5DACD-5169-4C34-BAB8-7AD585F2F25A}.Release|Any CPU.ActiveCfg = Release|Any CPU
		{69E5DACD-5169-4C34-BAB8-7AD585F2F25A}.Release|Any CPU.Build.0 = Release|Any CPU
		{3EBAB3B8-D092-4161-BD4E-8AA355F1FA3A}.Debug|Any CPU.ActiveCfg = Debug|Any CPU
		{3EBAB3B8-D092-4161-BD4E-8AA355F1FA3A}.Debug|Any CPU.Build.0 = Debug|Any CPU
		{3EBAB3B8-D092-4161-BD4E-8AA355F1FA3A}.Release|Any CPU.ActiveCfg = Release|Any CPU
		{3EBAB3B8-D092-4161-BD4E-8AA355F1FA3A}.Release|Any CPU.Build.0 = Release|Any CPU
		{F8718521-FFC6-4A4E-8403-CD6AAC12CF94}.Debug|Any CPU.ActiveCfg = Debug|Any CPU
		{F8718521-FFC6-4A4E-8403-CD6AAC12CF94}.Debug|Any CPU.Build.0 = Debug|Any CPU
		{F8718521-FFC6-4A4E-8403-CD6AAC12CF94}.Release|Any CPU.ActiveCfg = Release|Any CPU
		{F8718521-FFC6-4A4E-8403-CD6AAC12CF94}.Release|Any CPU.Build.0 = Release|Any CPU
	EndGlobalSection
	GlobalSection(SolutionProperties) = preSolution
		HideSolutionNode = FALSE
	EndGlobalSection
	GlobalSection(ExtensibilityGlobals) = postSolution
		SolutionGuid = {A0ADA4D5-EB74-4B09-9D43-C1CBC2B82BC2}
	EndGlobalSection
EndGlobal
